// !$*UTF8*$!
{
	archiveVersion = 1;
	classes = {
	};
	objectVersion = 46;
	objects = {

/* Begin PBXBuildFile section */
		A119EA531D7CC8E50073FB95 /* PaletteCollectionViewController.swift in Sources */ = {isa = PBXBuildFile; fileRef = A119EA511D7CC8E50073FB95 /* PaletteCollectionViewController.swift */; };
		A13E4C961D7E28C500835CAC /* PunctuationViewController.swift in Sources */ = {isa = PBXBuildFile; fileRef = A13E4C951D7E28C500835CAC /* PunctuationViewController.swift */; };
		A172B8DB1D56782F0066FE12 /* AppDelegate.swift in Sources */ = {isa = PBXBuildFile; fileRef = A172B8DA1D56782F0066FE12 /* AppDelegate.swift */; };
		A172B8E01D56782F0066FE12 /* Main.storyboard in Resources */ = {isa = PBXBuildFile; fileRef = A172B8DE1D56782F0066FE12 /* Main.storyboard */; };
		A172B8E31D56782F0066FE12 /* HAL_keyboard.xcdatamodeld in Sources */ = {isa = PBXBuildFile; fileRef = A172B8E11D56782F0066FE12 /* HAL_keyboard.xcdatamodeld */; };
		A172B8E51D56782F0066FE12 /* Assets.xcassets in Resources */ = {isa = PBXBuildFile; fileRef = A172B8E41D56782F0066FE12 /* Assets.xcassets */; };
		A172B8F61D567C340066FE12 /* KeyboardViewController.swift in Sources */ = {isa = PBXBuildFile; fileRef = A172B8F51D567C340066FE12 /* KeyboardViewController.swift */; };
		A172B8FA1D567C340066FE12 /* HAL Keyboard.appex in Embed App Extensions */ = {isa = PBXBuildFile; fileRef = A172B8F31D567C340066FE12 /* HAL Keyboard.appex */; settings = {ATTRIBUTES = (RemoveHeadersOnCopy, ); }; };
		A17B2E511D7BAAEB005EDBEE /* KeyboardView.xib in Resources */ = {isa = PBXBuildFile; fileRef = A17B2E4E1D7BA755005EDBEE /* KeyboardView.xib */; };
		A17B2E521D7BAB38005EDBEE /* KeyboardView.xib in Resources */ = {isa = PBXBuildFile; fileRef = A17B2E4E1D7BA755005EDBEE /* KeyboardView.xib */; };
		A17B2E571D7BC502005EDBEE /* Checkmark-25.png in Resources */ = {isa = PBXBuildFile; fileRef = A17B2E541D7BC502005EDBEE /* Checkmark-25.png */; };
		A17B2E581D7BC502005EDBEE /* Keyboard-25.png in Resources */ = {isa = PBXBuildFile; fileRef = A17B2E551D7BC502005EDBEE /* Keyboard-25.png */; };
		A17B2E591D7BC502005EDBEE /* Delete-25.png in Resources */ = {isa = PBXBuildFile; fileRef = A17B2E561D7BC502005EDBEE /* Delete-25.png */; };
		A17B2E5B1D7BD3A7005EDBEE /* Backspace-25.png in Resources */ = {isa = PBXBuildFile; fileRef = A17B2E5A1D7BD3A7005EDBEE /* Backspace-25.png */; };
		A17B2E5D1D7BE7FE005EDBEE /* RGB Circle 1-25.png in Resources */ = {isa = PBXBuildFile; fileRef = A17B2E5C1D7BE7FE005EDBEE /* RGB Circle 1-25.png */; };
		A1897A6C1D7D24B30062B363 /* StartViewController.swift in Sources */ = {isa = PBXBuildFile; fileRef = A1897A6B1D7D24B30062B363 /* StartViewController.swift */; };
		A1B3854A1D7CF2C200C7D6EF /* Storyboard.storyboard in Resources */ = {isa = PBXBuildFile; fileRef = A1B385491D7CF2C200C7D6EF /* Storyboard.storyboard */; };
/* End PBXBuildFile section */

/* Begin PBXContainerItemProxy section */
		A172B8F81D567C340066FE12 /* PBXContainerItemProxy */ = {
			isa = PBXContainerItemProxy;
			containerPortal = A172B8CF1D56782F0066FE12 /* Project object */;
			proxyType = 1;
			remoteGlobalIDString = A172B8F21D567C340066FE12;
			remoteInfo = "HAL Keyboard";
		};
/* End PBXContainerItemProxy section */

/* Begin PBXCopyFilesBuildPhase section */
		A172B8FE1D567C340066FE12 /* Embed App Extensions */ = {
			isa = PBXCopyFilesBuildPhase;
			buildActionMask = 2147483647;
			dstPath = "";
			dstSubfolderSpec = 13;
			files = (
				A172B8FA1D567C340066FE12 /* HAL Keyboard.appex in Embed App Extensions */,
			);
			name = "Embed App Extensions";
			runOnlyForDeploymentPostprocessing = 0;
		};
/* End PBXCopyFilesBuildPhase section */

/* Begin PBXFileReference section */
		A119EA511D7CC8E50073FB95 /* PaletteCollectionViewController.swift */ = {isa = PBXFileReference; fileEncoding = 4; lastKnownFileType = sourcecode.swift; name = PaletteCollectionViewController.swift; path = "../HAL keyboard/PaletteCollectionViewController.swift"; sourceTree = "<group>"; };
		A13E4C951D7E28C500835CAC /* PunctuationViewController.swift */ = {isa = PBXFileReference; fileEncoding = 4; lastKnownFileType = sourcecode.swift; name = PunctuationViewController.swift; path = "HAL keyboard/PunctuationViewController.swift"; sourceTree = SOURCE_ROOT; };
		A172B8D71D56782F0066FE12 /* HAL Keyboard App.app */ = {isa = PBXFileReference; explicitFileType = wrapper.application; includeInIndex = 0; path = "HAL Keyboard App.app"; sourceTree = BUILT_PRODUCTS_DIR; };
		A172B8DA1D56782F0066FE12 /* AppDelegate.swift */ = {isa = PBXFileReference; lastKnownFileType = sourcecode.swift; path = AppDelegate.swift; sourceTree = "<group>"; };
		A172B8DF1D56782F0066FE12 /* Base */ = {isa = PBXFileReference; lastKnownFileType = file.storyboard; name = Base; path = Base.lproj/Main.storyboard; sourceTree = "<group>"; };
		A172B8E21D56782F0066FE12 /* HAL_keyboard.xcdatamodel */ = {isa = PBXFileReference; lastKnownFileType = wrapper.xcdatamodel; path = HAL_keyboard.xcdatamodel; sourceTree = "<group>"; };
		A172B8E41D56782F0066FE12 /* Assets.xcassets */ = {isa = PBXFileReference; lastKnownFileType = folder.assetcatalog; path = Assets.xcassets; sourceTree = "<group>"; };
		A172B8E91D56782F0066FE12 /* Info.plist */ = {isa = PBXFileReference; lastKnownFileType = text.plist.xml; path = Info.plist; sourceTree = "<group>"; };
		A172B8F31D567C340066FE12 /* HAL Keyboard.appex */ = {isa = PBXFileReference; explicitFileType = "wrapper.app-extension"; includeInIndex = 0; path = "HAL Keyboard.appex"; sourceTree = BUILT_PRODUCTS_DIR; };
		A172B8F51D567C340066FE12 /* KeyboardViewController.swift */ = {isa = PBXFileReference; lastKnownFileType = sourcecode.swift; path = KeyboardViewController.swift; sourceTree = "<group>"; };
		A172B8F71D567C340066FE12 /* Info.plist */ = {isa = PBXFileReference; lastKnownFileType = text.plist.xml; path = Info.plist; sourceTree = "<group>"; };
		A17B2E4E1D7BA755005EDBEE /* KeyboardView.xib */ = {isa = PBXFileReference; fileEncoding = 4; lastKnownFileType = file.xib; name = KeyboardView.xib; path = "HAL keyboard/KeyboardView.xib"; sourceTree = SOURCE_ROOT; };
		A17B2E541D7BC502005EDBEE /* Checkmark-25.png */ = {isa = PBXFileReference; lastKnownFileType = image.png; path = "Checkmark-25.png"; sourceTree = "<group>"; };
		A17B2E551D7BC502005EDBEE /* Keyboard-25.png */ = {isa = PBXFileReference; lastKnownFileType = image.png; path = "Keyboard-25.png"; sourceTree = "<group>"; };
		A17B2E561D7BC502005EDBEE /* Delete-25.png */ = {isa = PBXFileReference; lastKnownFileType = image.png; path = "Delete-25.png"; sourceTree = "<group>"; };
		A17B2E5A1D7BD3A7005EDBEE /* Backspace-25.png */ = {isa = PBXFileReference; lastKnownFileType = image.png; path = "Backspace-25.png"; sourceTree = "<group>"; };
		A17B2E5C1D7BE7FE005EDBEE /* RGB Circle 1-25.png */ = {isa = PBXFileReference; lastKnownFileType = image.png; path = "RGB Circle 1-25.png"; sourceTree = "<group>"; };
		A1897A6B1D7D24B30062B363 /* StartViewController.swift */ = {isa = PBXFileReference; fileEncoding = 4; lastKnownFileType = sourcecode.swift; path = StartViewController.swift; sourceTree = "<group>"; };
		A1B385491D7CF2C200C7D6EF /* Storyboard.storyboard */ = {isa = PBXFileReference; fileEncoding = 4; lastKnownFileType = file.storyboard; path = Storyboard.storyboard; sourceTree = "<group>"; };
/* End PBXFileReference section */

/* Begin PBXFrameworksBuildPhase section */
		A172B8D41D56782F0066FE12 /* Frameworks */ = {
			isa = PBXFrameworksBuildPhase;
			buildActionMask = 2147483647;
			files = (
			);
			runOnlyForDeploymentPostprocessing = 0;
		};
		A172B8F01D567C340066FE12 /* Frameworks */ = {
			isa = PBXFrameworksBuildPhase;
			buildActionMask = 2147483647;
			files = (
			);
			runOnlyForDeploymentPostprocessing = 0;
		};
/* End PBXFrameworksBuildPhase section */

/* Begin PBXGroup section */
		A172B8CE1D56782F0066FE12 = {
			isa = PBXGroup;
			children = (
				A172B8D91D56782F0066FE12 /* HAL Keyboard App */,
				A172B8F41D567C340066FE12 /* HAL Keyboard */,
				A172B8D81D56782F0066FE12 /* Products */,
			);
			sourceTree = "<group>";
		};
		A172B8D81D56782F0066FE12 /* Products */ = {
			isa = PBXGroup;
			children = (
				A172B8D71D56782F0066FE12 /* HAL Keyboard App.app */,
				A172B8F31D567C340066FE12 /* HAL Keyboard.appex */,
			);
			name = Products;
			sourceTree = "<group>";
		};
		A172B8D91D56782F0066FE12 /* HAL Keyboard App */ = {
			isa = PBXGroup;
			children = (
				A172B8DA1D56782F0066FE12 /* AppDelegate.swift */,
				A172B8DE1D56782F0066FE12 /* Main.storyboard */,
				A1897A6B1D7D24B30062B363 /* StartViewController.swift */,
				A172B8E41D56782F0066FE12 /* Assets.xcassets */,
				A172B8E91D56782F0066FE12 /* Info.plist */,
				A172B8E11D56782F0066FE12 /* HAL_keyboard.xcdatamodeld */,
			);
			name = "HAL Keyboard App";
			path = "HAL keyboard";
			sourceTree = "<group>";
		};
		A172B8F41D567C340066FE12 /* HAL Keyboard */ = {
			isa = PBXGroup;
			children = (
				A119EA511D7CC8E50073FB95 /* PaletteCollectionViewController.swift */,
				A172B8F51D567C340066FE12 /* KeyboardViewController.swift */,
				A17B2E4E1D7BA755005EDBEE /* KeyboardView.xib */,
				A17B2E5A1D7BD3A7005EDBEE /* Backspace-25.png */,
				A17B2E541D7BC502005EDBEE /* Checkmark-25.png */,
				A17B2E5C1D7BE7FE005EDBEE /* RGB Circle 1-25.png */,
				A17B2E551D7BC502005EDBEE /* Keyboard-25.png */,
				A17B2E561D7BC502005EDBEE /* Delete-25.png */,
				A172B8F71D567C340066FE12 /* Info.plist */,
				A1B385491D7CF2C200C7D6EF /* Storyboard.storyboard */,
				A13E4C951D7E28C500835CAC /* PunctuationViewController.swift */,
			);
			path = "HAL Keyboard";
			sourceTree = "<group>";
		};
/* End PBXGroup section */

/* Begin PBXNativeTarget section */
		A172B8D61D56782F0066FE12 /* HAL Keyboard App */ = {
			isa = PBXNativeTarget;
			buildConfigurationList = A172B8EC1D56782F0066FE12 /* Build configuration list for PBXNativeTarget "HAL Keyboard App" */;
			buildPhases = (
				A172B8D31D56782F0066FE12 /* Sources */,
				A172B8D41D56782F0066FE12 /* Frameworks */,
				A172B8D51D56782F0066FE12 /* Resources */,
				A172B8FE1D567C340066FE12 /* Embed App Extensions */,
			);
			buildRules = (
			);
			dependencies = (
				A172B8F91D567C340066FE12 /* PBXTargetDependency */,
			);
			name = "HAL Keyboard App";
			productName = "HAL keyboard";
			productReference = A172B8D71D56782F0066FE12 /* HAL Keyboard App.app */;
			productType = "com.apple.product-type.application";
		};
		A172B8F21D567C340066FE12 /* HAL Keyboard */ = {
			isa = PBXNativeTarget;
			buildConfigurationList = A172B8FD1D567C340066FE12 /* Build configuration list for PBXNativeTarget "HAL Keyboard" */;
			buildPhases = (
				A172B8EF1D567C340066FE12 /* Sources */,
				A172B8F01D567C340066FE12 /* Frameworks */,
				A172B8F11D567C340066FE12 /* Resources */,
			);
			buildRules = (
			);
			dependencies = (
			);
			name = "HAL Keyboard";
			productName = "HAL Keyboard";
			productReference = A172B8F31D567C340066FE12 /* HAL Keyboard.appex */;
			productType = "com.apple.product-type.app-extension";
		};
/* End PBXNativeTarget section */

/* Begin PBXProject section */
		A172B8CF1D56782F0066FE12 /* Project object */ = {
			isa = PBXProject;
			attributes = {
				LastSwiftUpdateCheck = 0730;
				LastUpgradeCheck = 0730;
				ORGANIZATIONNAME = "Alex Fetisova & Reza Asad";
				TargetAttributes = {
					A172B8D61D56782F0066FE12 = {
						CreatedOnToolsVersion = 7.3.1;
						DevelopmentTeam = 2W2S64K227;
					};
					A172B8F21D567C340066FE12 = {
						CreatedOnToolsVersion = 7.3.1;
						DevelopmentTeam = 2W2S64K227;
					};
				};
			};
			buildConfigurationList = A172B8D21D56782F0066FE12 /* Build configuration list for PBXProject "HAL keyboard" */;
			compatibilityVersion = "Xcode 3.2";
			developmentRegion = English;
			hasScannedForEncodings = 0;
			knownRegions = (
				en,
				Base,
			);
			mainGroup = A172B8CE1D56782F0066FE12;
			productRefGroup = A172B8D81D56782F0066FE12 /* Products */;
			projectDirPath = "";
			projectRoot = "";
			targets = (
				A172B8D61D56782F0066FE12 /* HAL Keyboard App */,
				A172B8F21D567C340066FE12 /* HAL Keyboard */,
			);
		};
/* End PBXProject section */

/* Begin PBXResourcesBuildPhase section */
		A172B8D51D56782F0066FE12 /* Resources */ = {
			isa = PBXResourcesBuildPhase;
			buildActionMask = 2147483647;
			files = (
				A172B8E51D56782F0066FE12 /* Assets.xcassets in Resources */,
				A17B2E521D7BAB38005EDBEE /* KeyboardView.xib in Resources */,
				A172B8E01D56782F0066FE12 /* Main.storyboard in Resources */,
			);
			runOnlyForDeploymentPostprocessing = 0;
		};
		A172B8F11D567C340066FE12 /* Resources */ = {
			isa = PBXResourcesBuildPhase;
			buildActionMask = 2147483647;
			files = (
				A17B2E581D7BC502005EDBEE /* Keyboard-25.png in Resources */,
				A17B2E571D7BC502005EDBEE /* Checkmark-25.png in Resources */,
				A17B2E5D1D7BE7FE005EDBEE /* RGB Circle 1-25.png in Resources */,
				A17B2E511D7BAAEB005EDBEE /* KeyboardView.xib in Resources */,
				A17B2E591D7BC502005EDBEE /* Delete-25.png in Resources */,
				A17B2E5B1D7BD3A7005EDBEE /* Backspace-25.png in Resources */,
				A1B3854A1D7CF2C200C7D6EF /* Storyboard.storyboard in Resources */,
			);
			runOnlyForDeploymentPostprocessing = 0;
		};
/* End PBXResourcesBuildPhase section */

/* Begin PBXSourcesBuildPhase section */
		A172B8D31D56782F0066FE12 /* Sources */ = {
			isa = PBXSourcesBuildPhase;
			buildActionMask = 2147483647;
			files = (
				A172B8E31D56782F0066FE12 /* HAL_keyboard.xcdatamodeld in Sources */,
				A172B8DB1D56782F0066FE12 /* AppDelegate.swift in Sources */,
				A1897A6C1D7D24B30062B363 /* StartViewController.swift in Sources */,
			);
			runOnlyForDeploymentPostprocessing = 0;
		};
		A172B8EF1D567C340066FE12 /* Sources */ = {
			isa = PBXSourcesBuildPhase;
			buildActionMask = 2147483647;
			files = (
				A13E4C961D7E28C500835CAC /* PunctuationViewController.swift in Sources */,
				A119EA531D7CC8E50073FB95 /* PaletteCollectionViewController.swift in Sources */,
				A172B8F61D567C340066FE12 /* KeyboardViewController.swift in Sources */,
			);
			runOnlyForDeploymentPostprocessing = 0;
		};
/* End PBXSourcesBuildPhase section */

/* Begin PBXTargetDependency section */
		A172B8F91D567C340066FE12 /* PBXTargetDependency */ = {
			isa = PBXTargetDependency;
			target = A172B8F21D567C340066FE12 /* HAL Keyboard */;
			targetProxy = A172B8F81D567C340066FE12 /* PBXContainerItemProxy */;
		};
/* End PBXTargetDependency section */

/* Begin PBXVariantGroup section */
		A172B8DE1D56782F0066FE12 /* Main.storyboard */ = {
			isa = PBXVariantGroup;
			children = (
				A172B8DF1D56782F0066FE12 /* Base */,
			);
			name = Main.storyboard;
			sourceTree = "<group>";
		};
/* End PBXVariantGroup section */

/* Begin XCBuildConfiguration section */
		A172B8EA1D56782F0066FE12 /* Debug */ = {
			isa = XCBuildConfiguration;
			buildSettings = {
				ALWAYS_SEARCH_USER_PATHS = NO;
				CLANG_ANALYZER_NONNULL = YES;
				CLANG_CXX_LANGUAGE_STANDARD = "gnu++0x";
				CLANG_CXX_LIBRARY = "libc++";
				CLANG_ENABLE_MODULES = YES;
				CLANG_ENABLE_OBJC_ARC = YES;
				CLANG_WARN_BOOL_CONVERSION = YES;
				CLANG_WARN_CONSTANT_CONVERSION = YES;
				CLANG_WARN_DIRECT_OBJC_ISA_USAGE = YES_ERROR;
				CLANG_WARN_EMPTY_BODY = YES;
				CLANG_WARN_ENUM_CONVERSION = YES;
				CLANG_WARN_INT_CONVERSION = YES;
				CLANG_WARN_OBJC_ROOT_CLASS = YES_ERROR;
				CLANG_WARN_UNREACHABLE_CODE = YES;
				CLANG_WARN__DUPLICATE_METHOD_MATCH = YES;
				"CODE_SIGN_IDENTITY[sdk=iphoneos*]" = "iPhone Developer";
				COPY_PHASE_STRIP = NO;
				DEBUG_INFORMATION_FORMAT = dwarf;
				ENABLE_STRICT_OBJC_MSGSEND = YES;
				ENABLE_TESTABILITY = YES;
				GCC_C_LANGUAGE_STANDARD = gnu99;
				GCC_DYNAMIC_NO_PIC = NO;
				GCC_NO_COMMON_BLOCKS = YES;
				GCC_OPTIMIZATION_LEVEL = 0;
				GCC_PREPROCESSOR_DEFINITIONS = (
					"DEBUG=1",
					"$(inherited)",
				);
				GCC_WARN_64_TO_32_BIT_CONVERSION = YES;
				GCC_WARN_ABOUT_RETURN_TYPE = YES_ERROR;
				GCC_WARN_UNDECLARED_SELECTOR = YES;
				GCC_WARN_UNINITIALIZED_AUTOS = YES_AGGRESSIVE;
				GCC_WARN_UNUSED_FUNCTION = YES;
				GCC_WARN_UNUSED_VARIABLE = YES;
				IPHONEOS_DEPLOYMENT_TARGET = 9.3;
				MTL_ENABLE_DEBUG_INFO = YES;
				ONLY_ACTIVE_ARCH = YES;
				SDKROOT = iphoneos;
				SWIFT_OPTIMIZATION_LEVEL = "-Onone";
				TARGETED_DEVICE_FAMILY = "1,2";
			};
			name = Debug;
		};
		A172B8EB1D56782F0066FE12 /* Release */ = {
			isa = XCBuildConfiguration;
			buildSettings = {
				ALWAYS_SEARCH_USER_PATHS = NO;
				CLANG_ANALYZER_NONNULL = YES;
				CLANG_CXX_LANGUAGE_STANDARD = "gnu++0x";
				CLANG_CXX_LIBRARY = "libc++";
				CLANG_ENABLE_MODULES = YES;
				CLANG_ENABLE_OBJC_ARC = YES;
				CLANG_WARN_BOOL_CONVERSION = YES;
				CLANG_WARN_CONSTANT_CONVERSION = YES;
				CLANG_WARN_DIRECT_OBJC_ISA_USAGE = YES_ERROR;
				CLANG_WARN_EMPTY_BODY = YES;
				CLANG_WARN_ENUM_CONVERSION = YES;
				CLANG_WARN_INT_CONVERSION = YES;
				CLANG_WARN_OBJC_ROOT_CLASS = YES_ERROR;
				CLANG_WARN_UNREACHABLE_CODE = YES;
				CLANG_WARN__DUPLICATE_METHOD_MATCH = YES;
				"CODE_SIGN_IDENTITY[sdk=iphoneos*]" = "iPhone Developer";
				COPY_PHASE_STRIP = NO;
				DEBUG_INFORMATION_FORMAT = "dwarf-with-dsym";
				ENABLE_NS_ASSERTIONS = NO;
				ENABLE_STRICT_OBJC_MSGSEND = YES;
				GCC_C_LANGUAGE_STANDARD = gnu99;
				GCC_NO_COMMON_BLOCKS = YES;
				GCC_WARN_64_TO_32_BIT_CONVERSION = YES;
				GCC_WARN_ABOUT_RETURN_TYPE = YES_ERROR;
				GCC_WARN_UNDECLARED_SELECTOR = YES;
				GCC_WARN_UNINITIALIZED_AUTOS = YES_AGGRESSIVE;
				GCC_WARN_UNUSED_FUNCTION = YES;
				GCC_WARN_UNUSED_VARIABLE = YES;
				IPHONEOS_DEPLOYMENT_TARGET = 9.3;
				MTL_ENABLE_DEBUG_INFO = NO;
				SDKROOT = iphoneos;
				TARGETED_DEVICE_FAMILY = "1,2";
				VALIDATE_PRODUCT = YES;
			};
			name = Release;
		};
		A172B8ED1D56782F0066FE12 /* Debug */ = {
			isa = XCBuildConfiguration;
			buildSettings = {
				ASSETCATALOG_COMPILER_APPICON_NAME = AppIcon;
				CODE_SIGN_IDENTITY = "iPhone Developer";
				"CODE_SIGN_IDENTITY[sdk=iphoneos*]" = "iPhone Developer";
				EMBEDDED_CONTENT_CONTAINS_SWIFT = YES;
				INFOPLIST_FILE = "HAL keyboard/Info.plist";
				LD_RUNPATH_SEARCH_PATHS = "$(inherited) @executable_path/Frameworks";
				PRODUCT_BUNDLE_IDENTIFIER = "rezalex.HAL-keyboard";
				PRODUCT_NAME = "$(TARGET_NAME)";
				PROVISIONING_PROFILE = "";
			};
			name = Debug;
		};
		A172B8EE1D56782F0066FE12 /* Release */ = {
			isa = XCBuildConfiguration;
			buildSettings = {
				ASSETCATALOG_COMPILER_APPICON_NAME = AppIcon;
				CODE_SIGN_IDENTITY = "iPhone Developer";
				"CODE_SIGN_IDENTITY[sdk=iphoneos*]" = "iPhone Developer";
				EMBEDDED_CONTENT_CONTAINS_SWIFT = YES;
				INFOPLIST_FILE = "HAL keyboard/Info.plist";
				LD_RUNPATH_SEARCH_PATHS = "$(inherited) @executable_path/Frameworks";
				PRODUCT_BUNDLE_IDENTIFIER = "rezalex.HAL-keyboard";
				PRODUCT_NAME = "$(TARGET_NAME)";
				PROVISIONING_PROFILE = "";
			};
			name = Release;
		};
		A172B8FB1D567C340066FE12 /* Debug */ = {
			isa = XCBuildConfiguration;
			buildSettings = {
				CODE_SIGN_IDENTITY = "iPhone Developer";
				"CODE_SIGN_IDENTITY[sdk=iphoneos*]" = "iPhone Developer";
				INFOPLIST_FILE = "HAL Keyboard/Info.plist";
				LD_RUNPATH_SEARCH_PATHS = "$(inherited) @executable_path/Frameworks @executable_path/../../Frameworks";
				PRODUCT_BUNDLE_IDENTIFIER = "rezalex.HAL-keyboard.HAL-Keyboard";
				PRODUCT_NAME = "$(TARGET_NAME)";
				PROVISIONING_PROFILE = "";
				SKIP_INSTALL = YES;
			};
			name = Debug;
		};
		A172B8FC1D567C340066FE12 /* Release */ = {
			isa = XCBuildConfiguration;
			buildSettings = {
				CODE_SIGN_IDENTITY = "iPhone Developer";
				"CODE_SIGN_IDENTITY[sdk=iphoneos*]" = "iPhone Developer";
				INFOPLIST_FILE = "HAL Keyboard/Info.plist";
				LD_RUNPATH_SEARCH_PATHS = "$(inherited) @executable_path/Frameworks @executable_path/../../Frameworks";
				PRODUCT_BUNDLE_IDENTIFIER = "rezalex.HAL-keyboard.HAL-Keyboard";
				PRODUCT_NAME = "$(TARGET_NAME)";
				PROVISIONING_PROFILE = "";
				SKIP_INSTALL = YES;
			};
			name = Release;
		};
/* End XCBuildConfiguration section */

/* Begin XCConfigurationList section */
		A172B8D21D56782F0066FE12 /* Build configuration list for PBXProject "HAL keyboard" */ = {
			isa = XCConfigurationList;
			buildConfigurations = (
				A172B8EA1D56782F0066FE12 /* Debug */,
				A172B8EB1D56782F0066FE12 /* Release */,
			);
			defaultConfigurationIsVisible = 0;
			defaultConfigurationName = Release;
		};
		A172B8EC1D56782F0066FE12 /* Build configuration list for PBXNativeTarget "HAL Keyboard App" */ = {
			isa = XCConfigurationList;
			buildConfigurations = (
				A172B8ED1D56782F0066FE12 /* Debug */,
				A172B8EE1D56782F0066FE12 /* Release */,
			);
			defaultConfigurationIsVisible = 0;
			defaultConfigurationName = Release;
		};
		A172B8FD1D567C340066FE12 /* Build configuration list for PBXNativeTarget "HAL Keyboard" */ = {
			isa = XCConfigurationList;
			buildConfigurations = (
				A172B8FB1D567C340066FE12 /* Debug */,
				A172B8FC1D567C340066FE12 /* Release */,
			);
			defaultConfigurationIsVisible = 0;
			defaultConfigurationName = Release;
		};
/* End XCConfigurationList section */

/* Begin XCVersionGroup section */
		A172B8E11D56782F0066FE12 /* HAL_keyboard.xcdatamodeld */ = {
			isa = XCVersionGroup;
			children = (
				A172B8E21D56782F0066FE12 /* HAL_keyboard.xcdatamodel */,
			);
			currentVersion = A172B8E21D56782F0066FE12 /* HAL_keyboard.xcdatamodel */;
			path = HAL_keyboard.xcdatamodeld;
			sourceTree = "<group>";
			versionGroupType = wrapper.xcdatamodel;
		};
/* End XCVersionGroup section */
	};
	rootObject = A172B8CF1D56782F0066FE12 /* Project object */;
}
